<?xml version="1.0" encoding="utf-8"?>
<Project ToolsVersion="4.0" xmlns="http://schemas.microsoft.com/developer/msbuild/2003">
  <ItemGroup>
    <Filter Include="ソース ファイル">
      <UniqueIdentifier>{4FC737F1-C7A5-4376-A066-2A32D752A2FF}</UniqueIdentifier>
      <Extensions>cpp;c;cc;cxx;c++;cppm;ixx;def;odl;idl;hpj;bat;asm;asmx</Extensions>
    </Filter>
    <Filter Include="ヘッダー ファイル">
      <UniqueIdentifier>{93995380-89BD-4b04-88EB-625FBE52EBFB}</UniqueIdentifier>
      <Extensions>h;hh;hpp;hxx;h++;hm;inl;inc;ipp;xsd</Extensions>
    </Filter>
    <Filter Include="リソース ファイル">
      <UniqueIdentifier>{67DA6AB6-F800-4c08-8B7A-83BB121AAD01}</UniqueIdentifier>
      <Extensions>rc;ico;cur;bmp;dlg;rc2;rct;bin;rgs;gif;jpg;jpeg;jpe;resx;tiff;tif;png;wav;mfcribbon-ms</Extensions>
    </Filter>
    <Filter Include="ヘッダー ファイル\math">
      <UniqueIdentifier>{9b94b799-c38f-48d6-bc02-a67d2d21ae51}</UniqueIdentifier>
    </Filter>
    <Filter Include="ソース ファイル\Common">
      <UniqueIdentifier>{dbfc0062-ee6d-4462-9a4b-ced86a26162e}</UniqueIdentifier>
    </Filter>
    <Filter Include="ヘッダー ファイル\Common">
      <UniqueIdentifier>{495ab7c0-ffcc-4bad-8014-af36abb44d9a}</UniqueIdentifier>
    </Filter>
    <Filter Include="ソース ファイル\3D">
      <UniqueIdentifier>{ba7f33b4-f7f0-402d-9b35-43053dfb401b}</UniqueIdentifier>
    </Filter>
    <Filter Include="ヘッダー ファイル\3D">
      <UniqueIdentifier>{cd32b072-7b7f-4053-8bc3-a9c9c52547ae}</UniqueIdentifier>
    </Filter>
    <Filter Include="リソース ファイル\shaders">
      <UniqueIdentifier>{00b8048a-8066-4c78-aced-9b5a9c8cdc9b}</UniqueIdentifier>
    </Filter>
    <Filter Include="ソース ファイル\Adapter">
      <UniqueIdentifier>{b20da67c-7433-4d3f-ad36-d7d7a00ac254}</UniqueIdentifier>
    </Filter>
    <Filter Include="ヘッダー ファイル\Adapter">
      <UniqueIdentifier>{70f8ec1a-1f5f-4068-9bfe-df0eb3ac64e1}</UniqueIdentifier>
    </Filter>
    <Filter Include="ソース ファイル\math">
      <UniqueIdentifier>{e6d799be-513d-4853-973b-20ca0a206000}</UniqueIdentifier>
    </Filter>
    <Filter Include="externals">
      <UniqueIdentifier>{a71d56a4-0df8-4b8d-80ad-ae62242eaef2}</UniqueIdentifier>
    </Filter>
    <Filter Include="externals\imgui">
      <UniqueIdentifier>{d46bcfbd-ff0b-454e-ac17-083e2c39cda5}</UniqueIdentifier>
    </Filter>
    <Filter Include="utilities">
      <UniqueIdentifier>{35fd5c43-0792-41e2-9111-efd5c582b3cc}</UniqueIdentifier>
    </Filter>
    <Filter Include="ヘッダー ファイル\scene">
      <UniqueIdentifier>{9dc1e3b0-6166-46ad-b348-dea1c5c76a68}</UniqueIdentifier>
    </Filter>
    <Filter Include="ソース ファイル\scene">
      <UniqueIdentifier>{368246c1-11f3-4b99-a37f-c58b42a970da}</UniqueIdentifier>
    </Filter>
    <Filter Include="ソース ファイル\GameObject">
      <UniqueIdentifier>{3900cb5c-5c00-4b86-b311-731ed4af0ab8}</UniqueIdentifier>
    </Filter>
    <Filter Include="ヘッダー ファイル\GameObject">
      <UniqueIdentifier>{365edf16-1d6d-4a2f-8627-f9c7f82dd7de}</UniqueIdentifier>
    </Filter>
    <Filter Include="ソース ファイル\2D">
      <UniqueIdentifier>{e3e0a1b2-9251-47d9-9220-2ac00ee77efe}</UniqueIdentifier>
    </Filter>
    <Filter Include="ヘッダー ファイル\2D">
      <UniqueIdentifier>{322fb35e-c71a-4b0e-b597-8ad63aad9fce}</UniqueIdentifier>
    </Filter>
  </ItemGroup>
  <ItemGroup>
    <ClCompile Include="3D\Model.cpp">
      <Filter>ソース ファイル\3D</Filter>
    </ClCompile>
    <ClCompile Include="Common\DirectXCommon.cpp">
      <Filter>ソース ファイル\Common</Filter>
    </ClCompile>
    <ClCompile Include="Common\WinApp.cpp">
      <Filter>ソース ファイル\Common</Filter>
    </ClCompile>
    <ClCompile Include="main.cpp">
      <Filter>ソース ファイル</Filter>
    </ClCompile>
    <ClCompile Include="math\Function.cpp">
      <Filter>ソース ファイル\math</Filter>
    </ClCompile>
    <ClCompile Include="Adapter\Pastorale.cpp">
      <Filter>ソース ファイル\Adapter</Filter>
    </ClCompile>
    <ClCompile Include="externals\imgui\imgui.cpp">
      <Filter>externals\imgui</Filter>
    </ClCompile>
    <ClCompile Include="externals\imgui\imgui_demo.cpp">
      <Filter>externals\imgui</Filter>
    </ClCompile>
    <ClCompile Include="externals\imgui\imgui_draw.cpp">
      <Filter>externals\imgui</Filter>
    </ClCompile>
    <ClCompile Include="externals\imgui\imgui_impl_dx12.cpp">
      <Filter>externals\imgui</Filter>
    </ClCompile>
    <ClCompile Include="externals\imgui\imgui_impl_win32.cpp">
      <Filter>externals\imgui</Filter>
    </ClCompile>
    <ClCompile Include="externals\imgui\imgui_tables.cpp">
      <Filter>externals\imgui</Filter>
    </ClCompile>
    <ClCompile Include="externals\imgui\imgui_widgets.cpp">
      <Filter>externals\imgui</Filter>
    </ClCompile>
    <ClCompile Include="utilities\ImGuiManager.cpp">
      <Filter>utilities</Filter>
    </ClCompile>
    <ClCompile Include="Common\Camera.cpp">
      <Filter>ソース ファイル\Common</Filter>
    </ClCompile>
    <ClCompile Include="scene\GameScene.cpp">
      <Filter>ソース ファイル\scene</Filter>
    </ClCompile>
    <ClCompile Include="3D\TextureManager.cpp">
      <Filter>ソース ファイル\3D</Filter>
    </ClCompile>
    <ClCompile Include="3D\WorldTransform.cpp">
      <Filter>ソース ファイル\3D</Filter>
    </ClCompile>
    <ClCompile Include="GameObject\Triangle.cpp">
      <Filter>ソース ファイル\GameObject</Filter>
    </ClCompile>
    <ClCompile Include="2D\Sprite.cpp">
      <Filter>ソース ファイル\2D</Filter>
    </ClCompile>
    <ClCompile Include="3D\Sphere.cpp">
      <Filter>ソース ファイル\3D</Filter>
    </ClCompile>
  </ItemGroup>
  <ItemGroup>
    <ClInclude Include="math\Function.h">
      <Filter>ヘッダー ファイル\math</Filter>
    </ClInclude>
    <ClInclude Include="math\Vector4.h">
      <Filter>ヘッダー ファイル\math</Filter>
    </ClInclude>
    <ClInclude Include="3D\Model.h">
      <Filter>ヘッダー ファイル\3D</Filter>
    </ClInclude>
    <ClInclude Include="Common\DirectXCommon.h">
      <Filter>ヘッダー ファイル\Common</Filter>
    </ClInclude>
    <ClInclude Include="Common\WinApp.h">
      <Filter>ヘッダー ファイル\Common</Filter>
    </ClInclude>
    <ClInclude Include="math\Vector2.h">
      <Filter>ヘッダー ファイル\math</Filter>
    </ClInclude>
    <ClInclude Include="math\Vector3.h">
      <Filter>ヘッダー ファイル\math</Filter>
    </ClInclude>
    <ClInclude Include="Adapter\Pastorale.h">
      <Filter>ヘッダー ファイル\Adapter</Filter>
    </ClInclude>
    <ClInclude Include="externals\imgui\imconfig.h">
      <Filter>externals\imgui</Filter>
    </ClInclude>
    <ClInclude Include="externals\imgui\imgui.h">
      <Filter>externals\imgui</Filter>
    </ClInclude>
    <ClInclude Include="externals\imgui\imgui_impl_dx12.h">
      <Filter>externals\imgui</Filter>
    </ClInclude>
    <ClInclude Include="externals\imgui\imgui_impl_win32.h">
      <Filter>externals\imgui</Filter>
    </ClInclude>
    <ClInclude Include="externals\imgui\imgui_internal.h">
      <Filter>externals\imgui</Filter>
    </ClInclude>
    <ClInclude Include="externals\imgui\imstb_rectpack.h">
      <Filter>externals\imgui</Filter>
    </ClInclude>
    <ClInclude Include="externals\imgui\imstb_textedit.h">
      <Filter>externals\imgui</Filter>
    </ClInclude>
    <ClInclude Include="externals\imgui\imstb_truetype.h">
      <Filter>externals\imgui</Filter>
    </ClInclude>
    <ClInclude Include="utilities\ImGuiManager.h">
      <Filter>utilities</Filter>
    </ClInclude>
    <ClInclude Include="Common\Camera.h">
      <Filter>ヘッダー ファイル\Common</Filter>
    </ClInclude>
    <ClInclude Include="math\Matrix4x4.h">
      <Filter>ヘッダー ファイル\math</Filter>
    </ClInclude>
    <ClInclude Include="math\Transform.h">
      <Filter>ヘッダー ファイル\math</Filter>
    </ClInclude>
    <ClInclude Include="scene\GameScene.h">
      <Filter>ヘッダー ファイル\scene</Filter>
    </ClInclude>
    <ClInclude Include="3D\TextureManager.h">
      <Filter>ヘッダー ファイル\3D</Filter>
    </ClInclude>
    <ClInclude Include="3D\WorldTransform.h">
      <Filter>ヘッダー ファイル\3D</Filter>
    </ClInclude>
    <ClInclude Include="GameObject\Triangle.h">
      <Filter>ヘッダー ファイル\GameObject</Filter>
    </ClInclude>
    <ClInclude Include="math\Struct.h">
      <Filter>ヘッダー ファイル\math</Filter>
    </ClInclude>
    <ClInclude Include="2D\Sprite.h">
      <Filter>ヘッダー ファイル\2D</Filter>
    </ClInclude>
    <ClInclude Include="3D\Sphere.h">
      <Filter>ヘッダー ファイル\3D</Filter>
    </ClInclude>
  </ItemGroup>
  <ItemGroup>
    <FxCompile Include="Resources\shaders\Object3d.PS.hlsl">
      <Filter>リソース ファイル\shaders</Filter>
    </FxCompile>
    <FxCompile Include="Resources\shaders\Object3d.VS.hlsl">
      <Filter>リソース ファイル\shaders</Filter>
    </FxCompile>
  </ItemGroup>
  <ItemGroup>
    <Text Include="externals\imgui\LICENSE.txt">
      <Filter>externals\imgui</Filter>
    </Text>
  </ItemGroup>
  <ItemGroup>
    <None Include="Resources\shaders\Object3d.hlsli">
      <Filter>リソース ファイル\shaders</Filter>
    </None>
  </ItemGroup>
</Project>