<?xml version="1.0" encoding="utf-8"?>
<Project ToolsVersion="4.0" xmlns="http://schemas.microsoft.com/developer/msbuild/2003">
  <ItemGroup>
    <Filter Include="ソース ファイル">
      <UniqueIdentifier>{4FC737F1-C7A5-4376-A066-2A32D752A2FF}</UniqueIdentifier>
      <Extensions>cpp;c;cc;cxx;c++;cppm;ixx;def;odl;idl;hpj;bat;asm;asmx</Extensions>
    </Filter>
    <Filter Include="ヘッダー ファイル">
      <UniqueIdentifier>{93995380-89BD-4b04-88EB-625FBE52EBFB}</UniqueIdentifier>
      <Extensions>h;hh;hpp;hxx;h++;hm;inl;inc;ipp;xsd</Extensions>
    </Filter>
    <Filter Include="リソース ファイル">
      <UniqueIdentifier>{67DA6AB6-F800-4c08-8B7A-83BB121AAD01}</UniqueIdentifier>
      <Extensions>rc;ico;cur;bmp;dlg;rc2;rct;bin;rgs;gif;jpg;jpeg;jpe;resx;tiff;tif;png;wav;mfcribbon-ms</Extensions>
    </Filter>
    <Filter Include="リソース ファイル\shaders">
      <UniqueIdentifier>{00b8048a-8066-4c78-aced-9b5a9c8cdc9b}</UniqueIdentifier>
    </Filter>
    <Filter Include="externals">
      <UniqueIdentifier>{a71d56a4-0df8-4b8d-80ad-ae62242eaef2}</UniqueIdentifier>
    </Filter>
    <Filter Include="externals\imgui">
      <UniqueIdentifier>{d46bcfbd-ff0b-454e-ac17-083e2c39cda5}</UniqueIdentifier>
    </Filter>
    <Filter Include="utilities">
      <UniqueIdentifier>{35fd5c43-0792-41e2-9111-efd5c582b3cc}</UniqueIdentifier>
    </Filter>
    <Filter Include="ヘッダー ファイル\scene">
      <UniqueIdentifier>{9dc1e3b0-6166-46ad-b348-dea1c5c76a68}</UniqueIdentifier>
    </Filter>
    <Filter Include="ソース ファイル\scene">
      <UniqueIdentifier>{368246c1-11f3-4b99-a37f-c58b42a970da}</UniqueIdentifier>
    </Filter>
    <Filter Include="ソース ファイル\GameObject">
      <UniqueIdentifier>{3900cb5c-5c00-4b86-b311-731ed4af0ab8}</UniqueIdentifier>
    </Filter>
    <Filter Include="ヘッダー ファイル\GameObject">
      <UniqueIdentifier>{365edf16-1d6d-4a2f-8627-f9c7f82dd7de}</UniqueIdentifier>
    </Filter>
    <Filter Include="Pastorale">
      <UniqueIdentifier>{7f336eca-0916-4e0d-a05a-189c691263c9}</UniqueIdentifier>
    </Filter>
    <Filter Include="Pastorale\2D">
      <UniqueIdentifier>{29a466d3-6a06-4240-a76c-8fafb8b3092d}</UniqueIdentifier>
    </Filter>
    <Filter Include="Pastorale\3D">
      <UniqueIdentifier>{84ba9a78-87c4-458b-8c08-7f338e692b21}</UniqueIdentifier>
    </Filter>
    <Filter Include="Pastorale\Common">
      <UniqueIdentifier>{b95c9fe0-a84d-4fff-8f47-e2bc2969d7d0}</UniqueIdentifier>
    </Filter>
    <Filter Include="Pastorale\Adapter">
      <UniqueIdentifier>{a7a98e80-4670-414b-ba9c-8526865249f4}</UniqueIdentifier>
    </Filter>
    <Filter Include="Pastorale\math">
      <UniqueIdentifier>{01563a38-1fa1-4a1b-be1b-4756c5a1837b}</UniqueIdentifier>
    </Filter>
  </ItemGroup>
  <ItemGroup>
    <ClCompile Include="main.cpp">
      <Filter>ソース ファイル</Filter>
    </ClCompile>
    <ClCompile Include="externals\imgui\imgui.cpp">
      <Filter>externals\imgui</Filter>
    </ClCompile>
    <ClCompile Include="externals\imgui\imgui_demo.cpp">
      <Filter>externals\imgui</Filter>
    </ClCompile>
    <ClCompile Include="externals\imgui\imgui_draw.cpp">
      <Filter>externals\imgui</Filter>
    </ClCompile>
    <ClCompile Include="externals\imgui\imgui_impl_dx12.cpp">
      <Filter>externals\imgui</Filter>
    </ClCompile>
    <ClCompile Include="externals\imgui\imgui_impl_win32.cpp">
      <Filter>externals\imgui</Filter>
    </ClCompile>
    <ClCompile Include="externals\imgui\imgui_tables.cpp">
      <Filter>externals\imgui</Filter>
    </ClCompile>
    <ClCompile Include="externals\imgui\imgui_widgets.cpp">
      <Filter>externals\imgui</Filter>
    </ClCompile>
    <ClCompile Include="utilities\ImGuiManager.cpp">
      <Filter>utilities</Filter>
    </ClCompile>
    <ClCompile Include="scene\GameScene.cpp">
      <Filter>ソース ファイル\scene</Filter>
    </ClCompile>
    <ClCompile Include="GameObject\Triangle.cpp">
      <Filter>ソース ファイル\GameObject</Filter>
    </ClCompile>
    <ClCompile Include="Pastorale\2D\Sprite.cpp">
      <Filter>Pastorale\2D</Filter>
    </ClCompile>
    <ClCompile Include="Pastorale\3D\Model.cpp">
      <Filter>Pastorale\3D</Filter>
    </ClCompile>
    <ClCompile Include="Pastorale\3D\Sphere.cpp">
      <Filter>Pastorale\3D</Filter>
    </ClCompile>
    <ClCompile Include="Pastorale\3D\TextureManager.cpp">
      <Filter>Pastorale\3D</Filter>
    </ClCompile>
    <ClCompile Include="Pastorale\3D\WorldTransform.cpp">
      <Filter>Pastorale\3D</Filter>
    </ClCompile>
    <ClCompile Include="Pastorale\Common\Camera.cpp">
      <Filter>Pastorale\Common</Filter>
    </ClCompile>
    <ClCompile Include="Pastorale\Common\DirectXCommon.cpp">
      <Filter>Pastorale\Common</Filter>
    </ClCompile>
    <ClCompile Include="Pastorale\Common\SceneSetup.cpp">
      <Filter>Pastorale\Common</Filter>
    </ClCompile>
    <ClCompile Include="Pastorale\Common\WinApp.cpp">
      <Filter>Pastorale\Common</Filter>
    </ClCompile>
    <ClCompile Include="Pastorale\Adapter\Pastorale.cpp">
      <Filter>Pastorale\Adapter</Filter>
    </ClCompile>
    <ClCompile Include="Pastorale\math\Function.cpp">
      <Filter>Pastorale\math</Filter>
    </ClCompile>
  </ItemGroup>
  <ItemGroup>
    <ClInclude Include="externals\imgui\imconfig.h">
      <Filter>externals\imgui</Filter>
    </ClInclude>
    <ClInclude Include="externals\imgui\imgui.h">
      <Filter>externals\imgui</Filter>
    </ClInclude>
    <ClInclude Include="externals\imgui\imgui_impl_dx12.h">
      <Filter>externals\imgui</Filter>
    </ClInclude>
    <ClInclude Include="externals\imgui\imgui_impl_win32.h">
      <Filter>externals\imgui</Filter>
    </ClInclude>
    <ClInclude Include="externals\imgui\imgui_internal.h">
      <Filter>externals\imgui</Filter>
    </ClInclude>
    <ClInclude Include="externals\imgui\imstb_rectpack.h">
      <Filter>externals\imgui</Filter>
    </ClInclude>
    <ClInclude Include="externals\imgui\imstb_textedit.h">
      <Filter>externals\imgui</Filter>
    </ClInclude>
    <ClInclude Include="externals\imgui\imstb_truetype.h">
      <Filter>externals\imgui</Filter>
    </ClInclude>
    <ClInclude Include="utilities\ImGuiManager.h">
      <Filter>utilities</Filter>
    </ClInclude>
    <ClInclude Include="scene\GameScene.h">
      <Filter>ヘッダー ファイル\scene</Filter>
    </ClInclude>
    <ClInclude Include="GameObject\Triangle.h">
      <Filter>ヘッダー ファイル\GameObject</Filter>
    </ClInclude>
    <ClInclude Include="Pastorale\2D\Sprite.h">
      <Filter>Pastorale\2D</Filter>
    </ClInclude>
    <ClInclude Include="Pastorale\3D\Model.h">
      <Filter>Pastorale\3D</Filter>
    </ClInclude>
    <ClInclude Include="Pastorale\3D\Sphere.h">
      <Filter>Pastorale\3D</Filter>
    </ClInclude>
    <ClInclude Include="Pastorale\3D\TextureManager.h">
      <Filter>Pastorale\3D</Filter>
    </ClInclude>
    <ClInclude Include="Pastorale\3D\WorldTransform.h">
      <Filter>Pastorale\3D</Filter>
    </ClInclude>
    <ClInclude Include="Pastorale\Common\Camera.h">
      <Filter>Pastorale\Common</Filter>
    </ClInclude>
    <ClInclude Include="Pastorale\Common\DirectXCommon.h">
      <Filter>Pastorale\Common</Filter>
    </ClInclude>
    <ClInclude Include="Pastorale\Common\SceneSetup.h">
      <Filter>Pastorale\Common</Filter>
    </ClInclude>
    <ClInclude Include="Pastorale\Common\WinApp.h">
      <Filter>Pastorale\Common</Filter>
    </ClInclude>
    <ClInclude Include="Pastorale\Adapter\Pastorale.h">
      <Filter>Pastorale\Adapter</Filter>
    </ClInclude>
    <ClInclude Include="Pastorale\math\Function.h">
      <Filter>Pastorale\math</Filter>
    </ClInclude>
    <ClInclude Include="Pastorale\math\Matrix4x4.h">
      <Filter>Pastorale\math</Filter>
    </ClInclude>
    <ClInclude Include="Pastorale\math\Struct.h">
      <Filter>Pastorale\math</Filter>
    </ClInclude>
    <ClInclude Include="Pastorale\math\Vector2.h">
      <Filter>Pastorale\math</Filter>
    </ClInclude>
    <ClInclude Include="Pastorale\math\Vector3.h">
      <Filter>Pastorale\math</Filter>
    </ClInclude>
    <ClInclude Include="Pastorale\math\Vector4.h">
      <Filter>Pastorale\math</Filter>
    </ClInclude>
  </ItemGroup>
  <ItemGroup>
    <FxCompile Include="Resources\shaders\Object3d.PS.hlsl">
      <Filter>リソース ファイル\shaders</Filter>
    </FxCompile>
    <FxCompile Include="Resources\shaders\Object3d.VS.hlsl">
      <Filter>リソース ファイル\shaders</Filter>
    </FxCompile>
  </ItemGroup>
  <ItemGroup>
    <Text Include="externals\imgui\LICENSE.txt">
      <Filter>externals\imgui</Filter>
    </Text>
  </ItemGroup>
  <ItemGroup>
    <None Include="Resources\shaders\Object3d.hlsli">
      <Filter>リソース ファイル\shaders</Filter>
    </None>
  </ItemGroup>
</Project>